
Microsoft Visual Studio Solution File, Format Version 12.00
# Visual Studio 15
VisualStudioVersion = 15.0.27004.2009
MinimumVisualStudioVersion = 10.0.40219.1
Project("{9A19103F-16F7-4668-BE54-9A1E7A4F7556}") = "NetStd20Lib", "NetStd20Lib\NetStd20Lib.csproj", "{ED17D7A8-FE98-447D-A206-BA7E2B778048}"
EndProject
Project("{2150E333-8FDC-42A3-9474-1A3956D46DE8}") = "NetStandard", "NetStandard", "{9866B8C1-6E99-4961-B4D4-50EA04905F56}"
EndProject
Project("{9A19103F-16F7-4668-BE54-9A1E7A4F7556}") = "NetStd16Lib", "NetStd16Lib\NetStd16Lib.csproj", "{5E9CABB5-5F93-499B-8119-8D7CFA4B0781}"
EndProject
Project("{9A19103F-16F7-4668-BE54-9A1E7A4F7556}") = "NetStd13Lib", "NetStd13Lib\NetStd13Lib.csproj", "{52422722-D2B7-4187-A569-3FA7287A71E6}"
EndProject
Project("{2150E333-8FDC-42A3-9474-1A3956D46DE8}") = "FormsPCL", "FormsPCL", "{6295F23C-292E-4620-84F9-F096D897C96F}"
EndProject
Project("{FAE04EC0-301F-11D3-BF4B-00C04F79EFBC}") = "PclForms.Android", "PclForms\PclForms.Android\PclForms.Android.csproj", "{B62B2798-AC0A-43E5-A3E9-F24FDEB115CE}"
EndProject
Project("{FAE04EC0-301F-11D3-BF4B-00C04F79EFBC}") = "PclForms", "PclForms\PclForms\PclForms.csproj", "{6A8E2A1B-0B03-4C39-8392-75A2E873F95F}"
EndProject
Project("{FAE04EC0-301F-11D3-BF4B-00C04F79EFBC}") = "PclForms.UWP", "PclForms\PclForms.UWP\PclForms.UWP.csproj", "{02BF8721-81E0-4D69-9F9B-0A491065F833}"
EndProject
Project("{FAE04EC0-301F-11D3-BF4B-00C04F79EFBC}") = "PclForms.iOS", "PclForms\PclForms.iOS\PclForms.iOS.csproj", "{5C897025-CB89-4FA2-B639-09549C95C9CC}"
EndProject
Project("{2150E333-8FDC-42A3-9474-1A3956D46DE8}") = "PCL", "PCL", "{2A0B907F-FE9A-44ED-8644-E4E302A90E00}"
EndProject
Project("{FAE04EC0-301F-11D3-BF4B-00C04F79EFBC}") = "PCL259Lib", "PCL259Lib\PCL259Lib.csproj", "{C7E983DF-DA02-4A0F-B250-7D55A6E2CF10}"
EndProject
Project("{2150E333-8FDC-42A3-9474-1A3956D46DE8}") = "FormsNetStd", "FormsNetStd", "{E6ABB752-720C-45D4-BE5C-997B0BBC09B2}"
EndProject
Project("{FAE04EC0-301F-11D3-BF4B-00C04F79EFBC}") = "NetStdForms.Android", "NetStdForms\NetStdForms.Android\NetStdForms.Android.csproj", "{A0DB4CE2-87BB-47F5-BB48-D9DB51B0F754}"
EndProject
Project("{FAE04EC0-301F-11D3-BF4B-00C04F79EFBC}") = "NetStdForms", "NetStdForms\NetStdForms\NetStdForms.csproj", "{A0611680-6D4F-425A-AB07-49A881C5BF70}"
EndProject
Project("{FAE04EC0-301F-11D3-BF4B-00C04F79EFBC}") = "NetStdForms.UWP", "NetStdForms\NetStdForms.UWP\NetStdForms.UWP.csproj", "{E1AA89F5-0635-483C-AC89-465F418EC580}"
EndProject
Project("{FAE04EC0-301F-11D3-BF4B-00C04F79EFBC}") = "NetStdForms.iOS", "NetStdForms\NetStdForms.iOS\NetStdForms.iOS.csproj", "{40D9BDD1-EC55-41BA-8B11-966A5845D313}"
EndProject
Global
	GlobalSection(SolutionConfigurationPlatforms) = preSolution
		Ad-Hoc|Any CPU = Ad-Hoc|Any CPU
		Ad-Hoc|ARM = Ad-Hoc|ARM
		Ad-Hoc|iPhone = Ad-Hoc|iPhone
		Ad-Hoc|iPhoneSimulator = Ad-Hoc|iPhoneSimulator
		Ad-Hoc|x64 = Ad-Hoc|x64
		Ad-Hoc|x86 = Ad-Hoc|x86
		AppStore|Any CPU = AppStore|Any CPU
		AppStore|ARM = AppStore|ARM
		AppStore|iPhone = AppStore|iPhone
		AppStore|iPhoneSimulator = AppStore|iPhoneSimulator
		AppStore|x64 = AppStore|x64
		AppStore|x86 = AppStore|x86
		Debug|Any CPU = Debug|Any CPU
		Debug|ARM = Debug|ARM
		Debug|iPhone = Debug|iPhone
		Debug|iPhoneSimulator = Debug|iPhoneSimulator
		Debug|x64 = Debug|x64
		Debug|x86 = Debug|x86
		Release|Any CPU = Release|Any CPU
		Release|ARM = Release|ARM
		Release|iPhone = Release|iPhone
		Release|iPhoneSimulator = Release|iPhoneSimulator
		Release|x64 = Release|x64
		Release|x86 = Release|x86
	EndGlobalSection
	GlobalSection(ProjectConfigurationPlatforms) = postSolution
		{ED17D7A8-FE98-447D-A206-BA7E2B778048}.Ad-Hoc|Any CPU.ActiveCfg = Debug|Any CPU
		{ED17D7A8-FE98-447D-A206-BA7E2B778048}.Ad-Hoc|Any CPU.Build.0 = Debug|Any CPU
		{ED17D7A8-FE98-447D-A206-BA7E2B778048}.Ad-Hoc|ARM.ActiveCfg = Debug|Any CPU
		{ED17D7A8-FE98-447D-A206-BA7E2B778048}.Ad-Hoc|ARM.Build.0 = Debug|Any CPU
		{ED17D7A8-FE98-447D-A206-BA7E2B778048}.Ad-Hoc|iPhone.ActiveCfg = Debug|Any CPU
		{ED17D7A8-FE98-447D-A206-BA7E2B778048}.Ad-Hoc|iPhone.Build.0 = Debug|Any CPU
		{ED17D7A8-FE98-447D-A206-BA7E2B778048}.Ad-Hoc|iPhoneSimulator.ActiveCfg = Debug|Any CPU
		{ED17D7A8-FE98-447D-A206-BA7E2B778048}.Ad-Hoc|iPhoneSimulator.Build.0 = Debug|Any CPU
		{ED17D7A8-FE98-447D-A206-BA7E2B778048}.Ad-Hoc|x64.ActiveCfg = Debug|Any CPU
		{ED17D7A8-FE98-447D-A206-BA7E2B778048}.Ad-Hoc|x64.Build.0 = Debug|Any CPU
		{ED17D7A8-FE98-447D-A206-BA7E2B778048}.Ad-Hoc|x86.ActiveCfg = Debug|Any CPU
		{ED17D7A8-FE98-447D-A206-BA7E2B778048}.Ad-Hoc|x86.Build.0 = Debug|Any CPU
		{ED17D7A8-FE98-447D-A206-BA7E2B778048}.AppStore|Any CPU.ActiveCfg = Debug|Any CPU
		{ED17D7A8-FE98-447D-A206-BA7E2B778048}.AppStore|Any CPU.Build.0 = Debug|Any CPU
		{ED17D7A8-FE98-447D-A206-BA7E2B778048}.AppStore|ARM.ActiveCfg = Debug|Any CPU
		{ED17D7A8-FE98-447D-A206-BA7E2B778048}.AppStore|ARM.Build.0 = Debug|Any CPU
		{ED17D7A8-FE98-447D-A206-BA7E2B778048}.AppStore|iPhone.ActiveCfg = Debug|Any CPU
		{ED17D7A8-FE98-447D-A206-BA7E2B778048}.AppStore|iPhone.Build.0 = Debug|Any CPU
		{ED17D7A8-FE98-447D-A206-BA7E2B778048}.AppStore|iPhoneSimulator.ActiveCfg = Debug|Any CPU
		{ED17D7A8-FE98-447D-A206-BA7E2B778048}.AppStore|iPhoneSimulator.Build.0 = Debug|Any CPU
		{ED17D7A8-FE98-447D-A206-BA7E2B778048}.AppStore|x64.ActiveCfg = Debug|Any CPU
		{ED17D7A8-FE98-447D-A206-BA7E2B778048}.AppStore|x64.Build.0 = Debug|Any CPU
		{ED17D7A8-FE98-447D-A206-BA7E2B778048}.AppStore|x86.ActiveCfg = Debug|Any CPU
		{ED17D7A8-FE98-447D-A206-BA7E2B778048}.AppStore|x86.Build.0 = Debug|Any CPU
		{ED17D7A8-FE98-447D-A206-BA7E2B778048}.Debug|Any CPU.ActiveCfg = Debug|Any CPU
		{ED17D7A8-FE98-447D-A206-BA7E2B778048}.Debug|Any CPU.Build.0 = Debug|Any CPU
		{ED17D7A8-FE98-447D-A206-BA7E2B778048}.Debug|ARM.ActiveCfg = Debug|Any CPU
		{ED17D7A8-FE98-447D-A206-BA7E2B778048}.Debug|ARM.Build.0 = Debug|Any CPU
		{ED17D7A8-FE98-447D-A206-BA7E2B778048}.Debug|iPhone.ActiveCfg = Debug|Any CPU
		{ED17D7A8-FE98-447D-A206-BA7E2B778048}.Debug|iPhone.Build.0 = Debug|Any CPU
		{ED17D7A8-FE98-447D-A206-BA7E2B778048}.Debug|iPhoneSimulator.ActiveCfg = Debug|Any CPU
		{ED17D7A8-FE98-447D-A206-BA7E2B778048}.Debug|iPhoneSimulator.Build.0 = Debug|Any CPU
		{ED17D7A8-FE98-447D-A206-BA7E2B778048}.Debug|x64.ActiveCfg = Debug|Any CPU
		{ED17D7A8-FE98-447D-A206-BA7E2B778048}.Debug|x64.Build.0 = Debug|Any CPU
		{ED17D7A8-FE98-447D-A206-BA7E2B778048}.Debug|x86.ActiveCfg = Debug|Any CPU
		{ED17D7A8-FE98-447D-A206-BA7E2B778048}.Debug|x86.Build.0 = Debug|Any CPU
		{ED17D7A8-FE98-447D-A206-BA7E2B778048}.Release|Any CPU.ActiveCfg = Release|Any CPU
		{ED17D7A8-FE98-447D-A206-BA7E2B778048}.Release|Any CPU.Build.0 = Release|Any CPU
		{ED17D7A8-FE98-447D-A206-BA7E2B778048}.Release|ARM.ActiveCfg = Release|Any CPU
		{ED17D7A8-FE98-447D-A206-BA7E2B778048}.Release|ARM.Build.0 = Release|Any CPU
		{ED17D7A8-FE98-447D-A206-BA7E2B778048}.Release|iPhone.ActiveCfg = Release|Any CPU
		{ED17D7A8-FE98-447D-A206-BA7E2B778048}.Release|iPhone.Build.0 = Release|Any CPU
		{ED17D7A8-FE98-447D-A206-BA7E2B778048}.Release|iPhoneSimulator.ActiveCfg = Release|Any CPU
		{ED17D7A8-FE98-447D-A206-BA7E2B778048}.Release|iPhoneSimulator.Build.0 = Release|Any CPU
		{ED17D7A8-FE98-447D-A206-BA7E2B778048}.Release|x64.ActiveCfg = Release|Any CPU
		{ED17D7A8-FE98-447D-A206-BA7E2B778048}.Release|x64.Build.0 = Release|Any CPU
		{ED17D7A8-FE98-447D-A206-BA7E2B778048}.Release|x86.ActiveCfg = Release|Any CPU
		{ED17D7A8-FE98-447D-A206-BA7E2B778048}.Release|x86.Build.0 = Release|Any CPU
		{5E9CABB5-5F93-499B-8119-8D7CFA4B0781}.Ad-Hoc|Any CPU.ActiveCfg = Debug|Any CPU
		{5E9CABB5-5F93-499B-8119-8D7CFA4B0781}.Ad-Hoc|Any CPU.Build.0 = Debug|Any CPU
		{5E9CABB5-5F93-499B-8119-8D7CFA4B0781}.Ad-Hoc|ARM.ActiveCfg = Debug|Any CPU
		{5E9CABB5-5F93-499B-8119-8D7CFA4B0781}.Ad-Hoc|ARM.Build.0 = Debug|Any CPU
		{5E9CABB5-5F93-499B-8119-8D7CFA4B0781}.Ad-Hoc|iPhone.ActiveCfg = Debug|Any CPU
		{5E9CABB5-5F93-499B-8119-8D7CFA4B0781}.Ad-Hoc|iPhone.Build.0 = Debug|Any CPU
		{5E9CABB5-5F93-499B-8119-8D7CFA4B0781}.Ad-Hoc|iPhoneSimulator.ActiveCfg = Debug|Any CPU
		{5E9CABB5-5F93-499B-8119-8D7CFA4B0781}.Ad-Hoc|iPhoneSimulator.Build.0 = Debug|Any CPU
		{5E9CABB5-5F93-499B-8119-8D7CFA4B0781}.Ad-Hoc|x64.ActiveCfg = Debug|Any CPU
		{5E9CABB5-5F93-499B-8119-8D7CFA4B0781}.Ad-Hoc|x64.Build.0 = Debug|Any CPU
		{5E9CABB5-5F93-499B-8119-8D7CFA4B0781}.Ad-Hoc|x86.ActiveCfg = Debug|Any CPU
		{5E9CABB5-5F93-499B-8119-8D7CFA4B0781}.Ad-Hoc|x86.Build.0 = Debug|Any CPU
		{5E9CABB5-5F93-499B-8119-8D7CFA4B0781}.AppStore|Any CPU.ActiveCfg = Debug|Any CPU
		{5E9CABB5-5F93-499B-8119-8D7CFA4B0781}.AppStore|Any CPU.Build.0 = Debug|Any CPU
		{5E9CABB5-5F93-499B-8119-8D7CFA4B0781}.AppStore|ARM.ActiveCfg = Debug|Any CPU
		{5E9CABB5-5F93-499B-8119-8D7CFA4B0781}.AppStore|ARM.Build.0 = Debug|Any CPU
		{5E9CABB5-5F93-499B-8119-8D7CFA4B0781}.AppStore|iPhone.ActiveCfg = Debug|Any CPU
		{5E9CABB5-5F93-499B-8119-8D7CFA4B0781}.AppStore|iPhone.Build.0 = Debug|Any CPU
		{5E9CABB5-5F93-499B-8119-8D7CFA4B0781}.AppStore|iPhoneSimulator.ActiveCfg = Debug|Any CPU
		{5E9CABB5-5F93-499B-8119-8D7CFA4B0781}.AppStore|iPhoneSimulator.Build.0 = Debug|Any CPU
		{5E9CABB5-5F93-499B-8119-8D7CFA4B0781}.AppStore|x64.ActiveCfg = Debug|Any CPU
		{5E9CABB5-5F93-499B-8119-8D7CFA4B0781}.AppStore|x64.Build.0 = Debug|Any CPU
		{5E9CABB5-5F93-499B-8119-8D7CFA4B0781}.AppStore|x86.ActiveCfg = Debug|Any CPU
		{5E9CABB5-5F93-499B-8119-8D7CFA4B0781}.AppStore|x86.Build.0 = Debug|Any CPU
		{5E9CABB5-5F93-499B-8119-8D7CFA4B0781}.Debug|Any CPU.ActiveCfg = Debug|Any CPU
		{5E9CABB5-5F93-499B-8119-8D7CFA4B0781}.Debug|Any CPU.Build.0 = Debug|Any CPU
		{5E9CABB5-5F93-499B-8119-8D7CFA4B0781}.Debug|ARM.ActiveCfg = Debug|Any CPU
		{5E9CABB5-5F93-499B-8119-8D7CFA4B0781}.Debug|ARM.Build.0 = Debug|Any CPU
		{5E9CABB5-5F93-499B-8119-8D7CFA4B0781}.Debug|iPhone.ActiveCfg = Debug|Any CPU
		{5E9CABB5-5F93-499B-8119-8D7CFA4B0781}.Debug|iPhone.Build.0 = Debug|Any CPU
		{5E9CABB5-5F93-499B-8119-8D7CFA4B0781}.Debug|iPhoneSimulator.ActiveCfg = Debug|Any CPU
		{5E9CABB5-5F93-499B-8119-8D7CFA4B0781}.Debug|iPhoneSimulator.Build.0 = Debug|Any CPU
		{5E9CABB5-5F93-499B-8119-8D7CFA4B0781}.Debug|x64.ActiveCfg = Debug|Any CPU
		{5E9CABB5-5F93-499B-8119-8D7CFA4B0781}.Debug|x64.Build.0 = Debug|Any CPU
		{5E9CABB5-5F93-499B-8119-8D7CFA4B0781}.Debug|x86.ActiveCfg = Debug|Any CPU
		{5E9CABB5-5F93-499B-8119-8D7CFA4B0781}.Debug|x86.Build.0 = Debug|Any CPU
		{5E9CABB5-5F93-499B-8119-8D7CFA4B0781}.Release|Any CPU.ActiveCfg = Release|Any CPU
		{5E9CABB5-5F93-499B-8119-8D7CFA4B0781}.Release|Any CPU.Build.0 = Release|Any CPU
		{5E9CABB5-5F93-499B-8119-8D7CFA4B0781}.Release|ARM.ActiveCfg = Release|Any CPU
		{5E9CABB5-5F93-499B-8119-8D7CFA4B0781}.Release|ARM.Build.0 = Release|Any CPU
		{5E9CABB5-5F93-499B-8119-8D7CFA4B0781}.Release|iPhone.ActiveCfg = Release|Any CPU
		{5E9CABB5-5F93-499B-8119-8D7CFA4B0781}.Release|iPhone.Build.0 = Release|Any CPU
		{5E9CABB5-5F93-499B-8119-8D7CFA4B0781}.Release|iPhoneSimulator.ActiveCfg = Release|Any CPU
		{5E9CABB5-5F93-499B-8119-8D7CFA4B0781}.Release|iPhoneSimulator.Build.0 = Release|Any CPU
		{5E9CABB5-5F93-499B-8119-8D7CFA4B0781}.Release|x64.ActiveCfg = Release|Any CPU
		{5E9CABB5-5F93-499B-8119-8D7CFA4B0781}.Release|x64.Build.0 = Release|Any CPU
		{5E9CABB5-5F93-499B-8119-8D7CFA4B0781}.Release|x86.ActiveCfg = Release|Any CPU
		{5E9CABB5-5F93-499B-8119-8D7CFA4B0781}.Release|x86.Build.0 = Release|Any CPU
		{52422722-D2B7-4187-A569-3FA7287A71E6}.Ad-Hoc|Any CPU.ActiveCfg = Debug|Any CPU
		{52422722-D2B7-4187-A569-3FA7287A71E6}.Ad-Hoc|Any CPU.Build.0 = Debug|Any CPU
		{52422722-D2B7-4187-A569-3FA7287A71E6}.Ad-Hoc|ARM.ActiveCfg = Debug|Any CPU
		{52422722-D2B7-4187-A569-3FA7287A71E6}.Ad-Hoc|ARM.Build.0 = Debug|Any CPU
		{52422722-D2B7-4187-A569-3FA7287A71E6}.Ad-Hoc|iPhone.ActiveCfg = Debug|Any CPU
		{52422722-D2B7-4187-A569-3FA7287A71E6}.Ad-Hoc|iPhone.Build.0 = Debug|Any CPU
		{52422722-D2B7-4187-A569-3FA7287A71E6}.Ad-Hoc|iPhoneSimulator.ActiveCfg = Debug|Any CPU
		{52422722-D2B7-4187-A569-3FA7287A71E6}.Ad-Hoc|iPhoneSimulator.Build.0 = Debug|Any CPU
		{52422722-D2B7-4187-A569-3FA7287A71E6}.Ad-Hoc|x64.ActiveCfg = Debug|Any CPU
		{52422722-D2B7-4187-A569-3FA7287A71E6}.Ad-Hoc|x64.Build.0 = Debug|Any CPU
		{52422722-D2B7-4187-A569-3FA7287A71E6}.Ad-Hoc|x86.ActiveCfg = Debug|Any CPU
		{52422722-D2B7-4187-A569-3FA7287A71E6}.Ad-Hoc|x86.Build.0 = Debug|Any CPU
		{52422722-D2B7-4187-A569-3FA7287A71E6}.AppStore|Any CPU.ActiveCfg = Debug|Any CPU
		{52422722-D2B7-4187-A569-3FA7287A71E6}.AppStore|Any CPU.Build.0 = Debug|Any CPU
		{52422722-D2B7-4187-A569-3FA7287A71E6}.AppStore|ARM.ActiveCfg = Debug|Any CPU
		{52422722-D2B7-4187-A569-3FA7287A71E6}.AppStore|ARM.Build.0 = Debug|Any CPU
		{52422722-D2B7-4187-A569-3FA7287A71E6}.AppStore|iPhone.ActiveCfg = Debug|Any CPU
		{52422722-D2B7-4187-A569-3FA7287A71E6}.AppStore|iPhone.Build.0 = Debug|Any CPU
		{52422722-D2B7-4187-A569-3FA7287A71E6}.AppStore|iPhoneSimulator.ActiveCfg = Debug|Any CPU
		{52422722-D2B7-4187-A569-3FA7287A71E6}.AppStore|iPhoneSimulator.Build.0 = Debug|Any CPU
		{52422722-D2B7-4187-A569-3FA7287A71E6}.AppStore|x64.ActiveCfg = Debug|Any CPU
		{52422722-D2B7-4187-A569-3FA7287A71E6}.AppStore|x64.Build.0 = Debug|Any CPU
		{52422722-D2B7-4187-A569-3FA7287A71E6}.AppStore|x86.ActiveCfg = Debug|Any CPU
		{52422722-D2B7-4187-A569-3FA7287A71E6}.AppStore|x86.Build.0 = Debug|Any CPU
		{52422722-D2B7-4187-A569-3FA7287A71E6}.Debug|Any CPU.ActiveCfg = Debug|Any CPU
		{52422722-D2B7-4187-A569-3FA7287A71E6}.Debug|Any CPU.Build.0 = Debug|Any CPU
		{52422722-D2B7-4187-A569-3FA7287A71E6}.Debug|ARM.ActiveCfg = Debug|Any CPU
		{52422722-D2B7-4187-A569-3FA7287A71E6}.Debug|ARM.Build.0 = Debug|Any CPU
		{52422722-D2B7-4187-A569-3FA7287A71E6}.Debug|iPhone.ActiveCfg = Debug|Any CPU
		{52422722-D2B7-4187-A569-3FA7287A71E6}.Debug|iPhone.Build.0 = Debug|Any CPU
		{52422722-D2B7-4187-A569-3FA7287A71E6}.Debug|iPhoneSimulator.ActiveCfg = Debug|Any CPU
		{52422722-D2B7-4187-A569-3FA7287A71E6}.Debug|iPhoneSimulator.Build.0 = Debug|Any CPU
		{52422722-D2B7-4187-A569-3FA7287A71E6}.Debug|x64.ActiveCfg = Debug|Any CPU
		{52422722-D2B7-4187-A569-3FA7287A71E6}.Debug|x64.Build.0 = Debug|Any CPU
		{52422722-D2B7-4187-A569-3FA7287A71E6}.Debug|x86.ActiveCfg = Debug|Any CPU
		{52422722-D2B7-4187-A569-3FA7287A71E6}.Debug|x86.Build.0 = Debug|Any CPU
		{52422722-D2B7-4187-A569-3FA7287A71E6}.Release|Any CPU.ActiveCfg = Release|Any CPU
		{52422722-D2B7-4187-A569-3FA7287A71E6}.Release|Any CPU.Build.0 = Release|Any CPU
		{52422722-D2B7-4187-A569-3FA7287A71E6}.Release|ARM.ActiveCfg = Release|Any CPU
		{52422722-D2B7-4187-A569-3FA7287A71E6}.Release|ARM.Build.0 = Release|Any CPU
		{52422722-D2B7-4187-A569-3FA7287A71E6}.Release|iPhone.ActiveCfg = Release|Any CPU
		{52422722-D2B7-4187-A569-3FA7287A71E6}.Release|iPhone.Build.0 = Release|Any CPU
		{52422722-D2B7-4187-A569-3FA7287A71E6}.Release|iPhoneSimulator.ActiveCfg = Release|Any CPU
		{52422722-D2B7-4187-A569-3FA7287A71E6}.Release|iPhoneSimulator.Build.0 = Release|Any CPU
		{52422722-D2B7-4187-A569-3FA7287A71E6}.Release|x64.ActiveCfg = Release|Any CPU
		{52422722-D2B7-4187-A569-3FA7287A71E6}.Release|x64.Build.0 = Release|Any CPU
		{52422722-D2B7-4187-A569-3FA7287A71E6}.Release|x86.ActiveCfg = Release|Any CPU
		{52422722-D2B7-4187-A569-3FA7287A71E6}.Release|x86.Build.0 = Release|Any CPU
		{B62B2798-AC0A-43E5-A3E9-F24FDEB115CE}.Ad-Hoc|Any CPU.ActiveCfg = Release|Any CPU
		{B62B2798-AC0A-43E5-A3E9-F24FDEB115CE}.Ad-Hoc|Any CPU.Build.0 = Release|Any CPU
		{B62B2798-AC0A-43E5-A3E9-F24FDEB115CE}.Ad-Hoc|Any CPU.Deploy.0 = Release|Any CPU
		{B62B2798-AC0A-43E5-A3E9-F24FDEB115CE}.Ad-Hoc|ARM.ActiveCfg = Release|Any CPU
		{B62B2798-AC0A-43E5-A3E9-F24FDEB115CE}.Ad-Hoc|ARM.Build.0 = Release|Any CPU
		{B62B2798-AC0A-43E5-A3E9-F24FDEB115CE}.Ad-Hoc|ARM.Deploy.0 = Release|Any CPU
		{B62B2798-AC0A-43E5-A3E9-F24FDEB115CE}.Ad-Hoc|iPhone.ActiveCfg = Release|Any CPU
		{B62B2798-AC0A-43E5-A3E9-F24FDEB115CE}.Ad-Hoc|iPhone.Build.0 = Release|Any CPU
		{B62B2798-AC0A-43E5-A3E9-F24FDEB115CE}.Ad-Hoc|iPhone.Deploy.0 = Release|Any CPU
		{B62B2798-AC0A-43E5-A3E9-F24FDEB115CE}.Ad-Hoc|iPhoneSimulator.ActiveCfg = Release|Any CPU
		{B62B2798-AC0A-43E5-A3E9-F24FDEB115CE}.Ad-Hoc|iPhoneSimulator.Build.0 = Release|Any CPU
		{B62B2798-AC0A-43E5-A3E9-F24FDEB115CE}.Ad-Hoc|iPhoneSimulator.Deploy.0 = Release|Any CPU
		{B62B2798-AC0A-43E5-A3E9-F24FDEB115CE}.Ad-Hoc|x64.ActiveCfg = Release|Any CPU
		{B62B2798-AC0A-43E5-A3E9-F24FDEB115CE}.Ad-Hoc|x64.Build.0 = Release|Any CPU
		{B62B2798-AC0A-43E5-A3E9-F24FDEB115CE}.Ad-Hoc|x64.Deploy.0 = Release|Any CPU
		{B62B2798-AC0A-43E5-A3E9-F24FDEB115CE}.Ad-Hoc|x86.ActiveCfg = Release|Any CPU
		{B62B2798-AC0A-43E5-A3E9-F24FDEB115CE}.Ad-Hoc|x86.Build.0 = Release|Any CPU
		{B62B2798-AC0A-43E5-A3E9-F24FDEB115CE}.Ad-Hoc|x86.Deploy.0 = Release|Any CPU
		{B62B2798-AC0A-43E5-A3E9-F24FDEB115CE}.AppStore|Any CPU.ActiveCfg = Release|Any CPU
		{B62B2798-AC0A-43E5-A3E9-F24FDEB115CE}.AppStore|Any CPU.Build.0 = Release|Any CPU
		{B62B2798-AC0A-43E5-A3E9-F24FDEB115CE}.AppStore|Any CPU.Deploy.0 = Release|Any CPU
		{B62B2798-AC0A-43E5-A3E9-F24FDEB115CE}.AppStore|ARM.ActiveCfg = Release|Any CPU
		{B62B2798-AC0A-43E5-A3E9-F24FDEB115CE}.AppStore|ARM.Build.0 = Release|Any CPU
		{B62B2798-AC0A-43E5-A3E9-F24FDEB115CE}.AppStore|ARM.Deploy.0 = Release|Any CPU
		{B62B2798-AC0A-43E5-A3E9-F24FDEB115CE}.AppStore|iPhone.ActiveCfg = Release|Any CPU
		{B62B2798-AC0A-43E5-A3E9-F24FDEB115CE}.AppStore|iPhone.Build.0 = Release|Any CPU
		{B62B2798-AC0A-43E5-A3E9-F24FDEB115CE}.AppStore|iPhone.Deploy.0 = Release|Any CPU
		{B62B2798-AC0A-43E5-A3E9-F24FDEB115CE}.AppStore|iPhoneSimulator.ActiveCfg = Release|Any CPU
		{B62B2798-AC0A-43E5-A3E9-F24FDEB115CE}.AppStore|iPhoneSimulator.Build.0 = Release|Any CPU
		{B62B2798-AC0A-43E5-A3E9-F24FDEB115CE}.AppStore|iPhoneSimulator.Deploy.0 = Release|Any CPU
		{B62B2798-AC0A-43E5-A3E9-F24FDEB115CE}.AppStore|x64.ActiveCfg = Release|Any CPU
		{B62B2798-AC0A-43E5-A3E9-F24FDEB115CE}.AppStore|x64.Build.0 = Release|Any CPU
		{B62B2798-AC0A-43E5-A3E9-F24FDEB115CE}.AppStore|x64.Deploy.0 = Release|Any CPU
		{B62B2798-AC0A-43E5-A3E9-F24FDEB115CE}.AppStore|x86.ActiveCfg = Release|Any CPU
		{B62B2798-AC0A-43E5-A3E9-F24FDEB115CE}.AppStore|x86.Build.0 = Release|Any CPU
		{B62B2798-AC0A-43E5-A3E9-F24FDEB115CE}.AppStore|x86.Deploy.0 = Release|Any CPU
		{B62B2798-AC0A-43E5-A3E9-F24FDEB115CE}.Debug|Any CPU.ActiveCfg = Debug|Any CPU
		{B62B2798-AC0A-43E5-A3E9-F24FDEB115CE}.Debug|Any CPU.Build.0 = Debug|Any CPU
		{B62B2798-AC0A-43E5-A3E9-F24FDEB115CE}.Debug|Any CPU.Deploy.0 = Debug|Any CPU
		{B62B2798-AC0A-43E5-A3E9-F24FDEB115CE}.Debug|ARM.ActiveCfg = Debug|Any CPU
		{B62B2798-AC0A-43E5-A3E9-F24FDEB115CE}.Debug|ARM.Build.0 = Debug|Any CPU
		{B62B2798-AC0A-43E5-A3E9-F24FDEB115CE}.Debug|ARM.Deploy.0 = Debug|Any CPU
		{B62B2798-AC0A-43E5-A3E9-F24FDEB115CE}.Debug|iPhone.ActiveCfg = Debug|Any CPU
		{B62B2798-AC0A-43E5-A3E9-F24FDEB115CE}.Debug|iPhone.Build.0 = Debug|Any CPU
		{B62B2798-AC0A-43E5-A3E9-F24FDEB115CE}.Debug|iPhone.Deploy.0 = Debug|Any CPU
		{B62B2798-AC0A-43E5-A3E9-F24FDEB115CE}.Debug|iPhoneSimulator.ActiveCfg = Debug|Any CPU
		{B62B2798-AC0A-43E5-A3E9-F24FDEB115CE}.Debug|iPhoneSimulator.Build.0 = Debug|Any CPU
		{B62B2798-AC0A-43E5-A3E9-F24FDEB115CE}.Debug|iPhoneSimulator.Deploy.0 = Debug|Any CPU
		{B62B2798-AC0A-43E5-A3E9-F24FDEB115CE}.Debug|x64.ActiveCfg = Debug|Any CPU
		{B62B2798-AC0A-43E5-A3E9-F24FDEB115CE}.Debug|x64.Build.0 = Debug|Any CPU
		{B62B2798-AC0A-43E5-A3E9-F24FDEB115CE}.Debug|x64.Deploy.0 = Debug|Any CPU
		{B62B2798-AC0A-43E5-A3E9-F24FDEB115CE}.Debug|x86.ActiveCfg = Debug|Any CPU
		{B62B2798-AC0A-43E5-A3E9-F24FDEB115CE}.Debug|x86.Build.0 = Debug|Any CPU
		{B62B2798-AC0A-43E5-A3E9-F24FDEB115CE}.Debug|x86.Deploy.0 = Debug|Any CPU
		{B62B2798-AC0A-43E5-A3E9-F24FDEB115CE}.Release|Any CPU.ActiveCfg = Release|Any CPU
		{B62B2798-AC0A-43E5-A3E9-F24FDEB115CE}.Release|Any CPU.Build.0 = Release|Any CPU
		{B62B2798-AC0A-43E5-A3E9-F24FDEB115CE}.Release|Any CPU.Deploy.0 = Release|Any CPU
		{B62B2798-AC0A-43E5-A3E9-F24FDEB115CE}.Release|ARM.ActiveCfg = Release|Any CPU
		{B62B2798-AC0A-43E5-A3E9-F24FDEB115CE}.Release|ARM.Build.0 = Release|Any CPU
		{B62B2798-AC0A-43E5-A3E9-F24FDEB115CE}.Release|ARM.Deploy.0 = Release|Any CPU
		{B62B2798-AC0A-43E5-A3E9-F24FDEB115CE}.Release|iPhone.ActiveCfg = Release|Any CPU
		{B62B2798-AC0A-43E5-A3E9-F24FDEB115CE}.Release|iPhone.Build.0 = Release|Any CPU
		{B62B2798-AC0A-43E5-A3E9-F24FDEB115CE}.Release|iPhone.Deploy.0 = Release|Any CPU
		{B62B2798-AC0A-43E5-A3E9-F24FDEB115CE}.Release|iPhoneSimulator.ActiveCfg = Release|Any CPU
		{B62B2798-AC0A-43E5-A3E9-F24FDEB115CE}.Release|iPhoneSimulator.Build.0 = Release|Any CPU
		{B62B2798-AC0A-43E5-A3E9-F24FDEB115CE}.Release|iPhoneSimulator.Deploy.0 = Release|Any CPU
		{B62B2798-AC0A-43E5-A3E9-F24FDEB115CE}.Release|x64.ActiveCfg = Release|Any CPU
		{B62B2798-AC0A-43E5-A3E9-F24FDEB115CE}.Release|x64.Build.0 = Release|Any CPU
		{B62B2798-AC0A-43E5-A3E9-F24FDEB115CE}.Release|x64.Deploy.0 = Release|Any CPU
		{B62B2798-AC0A-43E5-A3E9-F24FDEB115CE}.Release|x86.ActiveCfg = Release|Any CPU
		{B62B2798-AC0A-43E5-A3E9-F24FDEB115CE}.Release|x86.Build.0 = Release|Any CPU
		{B62B2798-AC0A-43E5-A3E9-F24FDEB115CE}.Release|x86.Deploy.0 = Release|Any CPU
		{6A8E2A1B-0B03-4C39-8392-75A2E873F95F}.Ad-Hoc|Any CPU.ActiveCfg = Release|Any CPU
		{6A8E2A1B-0B03-4C39-8392-75A2E873F95F}.Ad-Hoc|Any CPU.Build.0 = Release|Any CPU
		{6A8E2A1B-0B03-4C39-8392-75A2E873F95F}.Ad-Hoc|ARM.ActiveCfg = Release|Any CPU
		{6A8E2A1B-0B03-4C39-8392-75A2E873F95F}.Ad-Hoc|ARM.Build.0 = Release|Any CPU
		{6A8E2A1B-0B03-4C39-8392-75A2E873F95F}.Ad-Hoc|iPhone.ActiveCfg = Release|Any CPU
		{6A8E2A1B-0B03-4C39-8392-75A2E873F95F}.Ad-Hoc|iPhone.Build.0 = Release|Any CPU
		{6A8E2A1B-0B03-4C39-8392-75A2E873F95F}.Ad-Hoc|iPhoneSimulator.ActiveCfg = Release|Any CPU
		{6A8E2A1B-0B03-4C39-8392-75A2E873F95F}.Ad-Hoc|iPhoneSimulator.Build.0 = Release|Any CPU
		{6A8E2A1B-0B03-4C39-8392-75A2E873F95F}.Ad-Hoc|x64.ActiveCfg = Release|Any CPU
		{6A8E2A1B-0B03-4C39-8392-75A2E873F95F}.Ad-Hoc|x64.Build.0 = Release|Any CPU
		{6A8E2A1B-0B03-4C39-8392-75A2E873F95F}.Ad-Hoc|x86.ActiveCfg = Release|Any CPU
		{6A8E2A1B-0B03-4C39-8392-75A2E873F95F}.Ad-Hoc|x86.Build.0 = Release|Any CPU
		{6A8E2A1B-0B03-4C39-8392-75A2E873F95F}.AppStore|Any CPU.ActiveCfg = Release|Any CPU
		{6A8E2A1B-0B03-4C39-8392-75A2E873F95F}.AppStore|Any CPU.Build.0 = Release|Any CPU
		{6A8E2A1B-0B03-4C39-8392-75A2E873F95F}.AppStore|ARM.ActiveCfg = Release|Any CPU
		{6A8E2A1B-0B03-4C39-8392-75A2E873F95F}.AppStore|ARM.Build.0 = Release|Any CPU
		{6A8E2A1B-0B03-4C39-8392-75A2E873F95F}.AppStore|iPhone.ActiveCfg = Release|Any CPU
		{6A8E2A1B-0B03-4C39-8392-75A2E873F95F}.AppStore|iPhone.Build.0 = Release|Any CPU
		{6A8E2A1B-0B03-4C39-8392-75A2E873F95F}.AppStore|iPhoneSimulator.ActiveCfg = Release|Any CPU
		{6A8E2A1B-0B03-4C39-8392-75A2E873F95F}.AppStore|iPhoneSimulator.Build.0 = Release|Any CPU
		{6A8E2A1B-0B03-4C39-8392-75A2E873F95F}.AppStore|x64.ActiveCfg = Release|Any CPU
		{6A8E2A1B-0B03-4C39-8392-75A2E873F95F}.AppStore|x64.Build.0 = Release|Any CPU
		{6A8E2A1B-0B03-4C39-8392-75A2E873F95F}.AppStore|x86.ActiveCfg = Release|Any CPU
		{6A8E2A1B-0B03-4C39-8392-75A2E873F95F}.AppStore|x86.Build.0 = Release|Any CPU
		{6A8E2A1B-0B03-4C39-8392-75A2E873F95F}.Debug|Any CPU.ActiveCfg = Debug|Any CPU
		{6A8E2A1B-0B03-4C39-8392-75A2E873F95F}.Debug|Any CPU.Build.0 = Debug|Any CPU
		{6A8E2A1B-0B03-4C39-8392-75A2E873F95F}.Debug|ARM.ActiveCfg = Debug|Any CPU
		{6A8E2A1B-0B03-4C39-8392-75A2E873F95F}.Debug|ARM.Build.0 = Debug|Any CPU
		{6A8E2A1B-0B03-4C39-8392-75A2E873F95F}.Debug|iPhone.ActiveCfg = Debug|Any CPU
		{6A8E2A1B-0B03-4C39-8392-75A2E873F95F}.Debug|iPhone.Build.0 = Debug|Any CPU
		{6A8E2A1B-0B03-4C39-8392-75A2E873F95F}.Debug|iPhoneSimulator.ActiveCfg = Debug|Any CPU
		{6A8E2A1B-0B03-4C39-8392-75A2E873F95F}.Debug|iPhoneSimulator.Build.0 = Debug|Any CPU
		{6A8E2A1B-0B03-4C39-8392-75A2E873F95F}.Debug|x64.ActiveCfg = Debug|Any CPU
		{6A8E2A1B-0B03-4C39-8392-75A2E873F95F}.Debug|x64.Build.0 = Debug|Any CPU
		{6A8E2A1B-0B03-4C39-8392-75A2E873F95F}.Debug|x86.ActiveCfg = Debug|Any CPU
		{6A8E2A1B-0B03-4C39-8392-75A2E873F95F}.Debug|x86.Build.0 = Debug|Any CPU
		{6A8E2A1B-0B03-4C39-8392-75A2E873F95F}.Release|Any CPU.ActiveCfg = Release|Any CPU
		{6A8E2A1B-0B03-4C39-8392-75A2E873F95F}.Release|Any CPU.Build.0 = Release|Any CPU
		{6A8E2A1B-0B03-4C39-8392-75A2E873F95F}.Release|ARM.ActiveCfg = Release|Any CPU
		{6A8E2A1B-0B03-4C39-8392-75A2E873F95F}.Release|ARM.Build.0 = Release|Any CPU
		{6A8E2A1B-0B03-4C39-8392-75A2E873F95F}.Release|iPhone.ActiveCfg = Release|Any CPU
		{6A8E2A1B-0B03-4C39-8392-75A2E873F95F}.Release|iPhone.Build.0 = Release|Any CPU
		{6A8E2A1B-0B03-4C39-8392-75A2E873F95F}.Release|iPhoneSimulator.ActiveCfg = Release|Any CPU
		{6A8E2A1B-0B03-4C39-8392-75A2E873F95F}.Release|iPhoneSimulator.Build.0 = Release|Any CPU
		{6A8E2A1B-0B03-4C39-8392-75A2E873F95F}.Release|x64.ActiveCfg = Release|Any CPU
		{6A8E2A1B-0B03-4C39-8392-75A2E873F95F}.Release|x64.Build.0 = Release|Any CPU
		{6A8E2A1B-0B03-4C39-8392-75A2E873F95F}.Release|x86.ActiveCfg = Release|Any CPU
		{6A8E2A1B-0B03-4C39-8392-75A2E873F95F}.Release|x86.Build.0 = Release|Any CPU
		{02BF8721-81E0-4D69-9F9B-0A491065F833}.Ad-Hoc|Any CPU.ActiveCfg = Release|x86
		{02BF8721-81E0-4D69-9F9B-0A491065F833}.Ad-Hoc|Any CPU.Build.0 = Release|x86
		{02BF8721-81E0-4D69-9F9B-0A491065F833}.Ad-Hoc|Any CPU.Deploy.0 = Release|x86
		{02BF8721-81E0-4D69-9F9B-0A491065F833}.Ad-Hoc|ARM.ActiveCfg = Release|ARM
		{02BF8721-81E0-4D69-9F9B-0A491065F833}.Ad-Hoc|ARM.Build.0 = Release|ARM
		{02BF8721-81E0-4D69-9F9B-0A491065F833}.Ad-Hoc|ARM.Deploy.0 = Release|ARM
		{02BF8721-81E0-4D69-9F9B-0A491065F833}.Ad-Hoc|iPhone.ActiveCfg = Release|x86
		{02BF8721-81E0-4D69-9F9B-0A491065F833}.Ad-Hoc|iPhone.Build.0 = Release|x86
		{02BF8721-81E0-4D69-9F9B-0A491065F833}.Ad-Hoc|iPhone.Deploy.0 = Release|x86
		{02BF8721-81E0-4D69-9F9B-0A491065F833}.Ad-Hoc|iPhoneSimulator.ActiveCfg = Release|x86
		{02BF8721-81E0-4D69-9F9B-0A491065F833}.Ad-Hoc|iPhoneSimulator.Build.0 = Release|x86
		{02BF8721-81E0-4D69-9F9B-0A491065F833}.Ad-Hoc|iPhoneSimulator.Deploy.0 = Release|x86
		{02BF8721-81E0-4D69-9F9B-0A491065F833}.Ad-Hoc|x64.ActiveCfg = Release|x64
		{02BF8721-81E0-4D69-9F9B-0A491065F833}.Ad-Hoc|x64.Build.0 = Release|x64
		{02BF8721-81E0-4D69-9F9B-0A491065F833}.Ad-Hoc|x64.Deploy.0 = Release|x64
		{02BF8721-81E0-4D69-9F9B-0A491065F833}.Ad-Hoc|x86.ActiveCfg = Release|x86
		{02BF8721-81E0-4D69-9F9B-0A491065F833}.Ad-Hoc|x86.Build.0 = Release|x86
		{02BF8721-81E0-4D69-9F9B-0A491065F833}.Ad-Hoc|x86.Deploy.0 = Release|x86
		{02BF8721-81E0-4D69-9F9B-0A491065F833}.AppStore|Any CPU.ActiveCfg = Release|x86
		{02BF8721-81E0-4D69-9F9B-0A491065F833}.AppStore|Any CPU.Build.0 = Release|x86
		{02BF8721-81E0-4D69-9F9B-0A491065F833}.AppStore|Any CPU.Deploy.0 = Release|x86
		{02BF8721-81E0-4D69-9F9B-0A491065F833}.AppStore|ARM.ActiveCfg = Release|ARM
		{02BF8721-81E0-4D69-9F9B-0A491065F833}.AppStore|ARM.Build.0 = Release|ARM
		{02BF8721-81E0-4D69-9F9B-0A491065F833}.AppStore|ARM.Deploy.0 = Release|ARM
		{02BF8721-81E0-4D69-9F9B-0A491065F833}.AppStore|iPhone.ActiveCfg = Release|x86
		{02BF8721-81E0-4D69-9F9B-0A491065F833}.AppStore|iPhone.Build.0 = Release|x86
		{02BF8721-81E0-4D69-9F9B-0A491065F833}.AppStore|iPhone.Deploy.0 = Release|x86
		{02BF8721-81E0-4D69-9F9B-0A491065F833}.AppStore|iPhoneSimulator.ActiveCfg = Release|x86
		{02BF8721-81E0-4D69-9F9B-0A491065F833}.AppStore|iPhoneSimulator.Build.0 = Release|x86
		{02BF8721-81E0-4D69-9F9B-0A491065F833}.AppStore|iPhoneSimulator.Deploy.0 = Release|x86
		{02BF8721-81E0-4D69-9F9B-0A491065F833}.AppStore|x64.ActiveCfg = Release|x64
		{02BF8721-81E0-4D69-9F9B-0A491065F833}.AppStore|x64.Build.0 = Release|x64
		{02BF8721-81E0-4D69-9F9B-0A491065F833}.AppStore|x64.Deploy.0 = Release|x64
		{02BF8721-81E0-4D69-9F9B-0A491065F833}.AppStore|x86.ActiveCfg = Release|x86
		{02BF8721-81E0-4D69-9F9B-0A491065F833}.AppStore|x86.Build.0 = Release|x86
		{02BF8721-81E0-4D69-9F9B-0A491065F833}.AppStore|x86.Deploy.0 = Release|x86
		{02BF8721-81E0-4D69-9F9B-0A491065F833}.Debug|Any CPU.ActiveCfg = Debug|x86
		{02BF8721-81E0-4D69-9F9B-0A491065F833}.Debug|ARM.ActiveCfg = Debug|ARM
		{02BF8721-81E0-4D69-9F9B-0A491065F833}.Debug|ARM.Build.0 = Debug|ARM
		{02BF8721-81E0-4D69-9F9B-0A491065F833}.Debug|ARM.Deploy.0 = Debug|ARM
		{02BF8721-81E0-4D69-9F9B-0A491065F833}.Debug|iPhone.ActiveCfg = Debug|x86
		{02BF8721-81E0-4D69-9F9B-0A491065F833}.Debug|iPhoneSimulator.ActiveCfg = Debug|x86
		{02BF8721-81E0-4D69-9F9B-0A491065F833}.Debug|x64.ActiveCfg = Debug|x64
		{02BF8721-81E0-4D69-9F9B-0A491065F833}.Debug|x64.Build.0 = Debug|x64
		{02BF8721-81E0-4D69-9F9B-0A491065F833}.Debug|x64.Deploy.0 = Debug|x64
		{02BF8721-81E0-4D69-9F9B-0A491065F833}.Debug|x86.ActiveCfg = Debug|x86
		{02BF8721-81E0-4D69-9F9B-0A491065F833}.Debug|x86.Build.0 = Debug|x86
		{02BF8721-81E0-4D69-9F9B-0A491065F833}.Debug|x86.Deploy.0 = Debug|x86
		{02BF8721-81E0-4D69-9F9B-0A491065F833}.Release|Any CPU.ActiveCfg = Release|x86
		{02BF8721-81E0-4D69-9F9B-0A491065F833}.Release|ARM.ActiveCfg = Release|ARM
		{02BF8721-81E0-4D69-9F9B-0A491065F833}.Release|ARM.Build.0 = Release|ARM
		{02BF8721-81E0-4D69-9F9B-0A491065F833}.Release|ARM.Deploy.0 = Release|ARM
		{02BF8721-81E0-4D69-9F9B-0A491065F833}.Release|iPhone.ActiveCfg = Release|x86
		{02BF8721-81E0-4D69-9F9B-0A491065F833}.Release|iPhoneSimulator.ActiveCfg = Release|x86
		{02BF8721-81E0-4D69-9F9B-0A491065F833}.Release|x64.ActiveCfg = Release|x64
		{02BF8721-81E0-4D69-9F9B-0A491065F833}.Release|x64.Build.0 = Release|x64
		{02BF8721-81E0-4D69-9F9B-0A491065F833}.Release|x64.Deploy.0 = Release|x64
		{02BF8721-81E0-4D69-9F9B-0A491065F833}.Release|x86.ActiveCfg = Release|x86
		{02BF8721-81E0-4D69-9F9B-0A491065F833}.Release|x86.Build.0 = Release|x86
		{02BF8721-81E0-4D69-9F9B-0A491065F833}.Release|x86.Deploy.0 = Release|x86
		{5C897025-CB89-4FA2-B639-09549C95C9CC}.Ad-Hoc|Any CPU.ActiveCfg = Ad-Hoc|iPhone
		{5C897025-CB89-4FA2-B639-09549C95C9CC}.Ad-Hoc|ARM.ActiveCfg = Ad-Hoc|iPhone
		{5C897025-CB89-4FA2-B639-09549C95C9CC}.Ad-Hoc|iPhone.ActiveCfg = Ad-Hoc|iPhone
		{5C897025-CB89-4FA2-B639-09549C95C9CC}.Ad-Hoc|iPhone.Build.0 = Ad-Hoc|iPhone
		{5C897025-CB89-4FA2-B639-09549C95C9CC}.Ad-Hoc|iPhoneSimulator.ActiveCfg = Ad-Hoc|iPhoneSimulator
		{5C897025-CB89-4FA2-B639-09549C95C9CC}.Ad-Hoc|iPhoneSimulator.Build.0 = Ad-Hoc|iPhoneSimulator
		{5C897025-CB89-4FA2-B639-09549C95C9CC}.Ad-Hoc|x64.ActiveCfg = Ad-Hoc|iPhone
		{5C897025-CB89-4FA2-B639-09549C95C9CC}.Ad-Hoc|x86.ActiveCfg = Ad-Hoc|iPhone
		{5C897025-CB89-4FA2-B639-09549C95C9CC}.AppStore|Any CPU.ActiveCfg = AppStore|iPhone
		{5C897025-CB89-4FA2-B639-09549C95C9CC}.AppStore|ARM.ActiveCfg = AppStore|iPhone
		{5C897025-CB89-4FA2-B639-09549C95C9CC}.AppStore|iPhone.ActiveCfg = AppStore|iPhone
		{5C897025-CB89-4FA2-B639-09549C95C9CC}.AppStore|iPhone.Build.0 = AppStore|iPhone
		{5C897025-CB89-4FA2-B639-09549C95C9CC}.AppStore|iPhoneSimulator.ActiveCfg = AppStore|iPhoneSimulator
		{5C897025-CB89-4FA2-B639-09549C95C9CC}.AppStore|iPhoneSimulator.Build.0 = AppStore|iPhoneSimulator
		{5C897025-CB89-4FA2-B639-09549C95C9CC}.AppStore|x64.ActiveCfg = AppStore|iPhone
		{5C897025-CB89-4FA2-B639-09549C95C9CC}.AppStore|x86.ActiveCfg = AppStore|iPhone
		{5C897025-CB89-4FA2-B639-09549C95C9CC}.Debug|Any CPU.ActiveCfg = Debug|iPhone
		{5C897025-CB89-4FA2-B639-09549C95C9CC}.Debug|ARM.ActiveCfg = Debug|iPhone
		{5C897025-CB89-4FA2-B639-09549C95C9CC}.Debug|iPhone.ActiveCfg = Debug|iPhone
		{5C897025-CB89-4FA2-B639-09549C95C9CC}.Debug|iPhone.Build.0 = Debug|iPhone
		{5C897025-CB89-4FA2-B639-09549C95C9CC}.Debug|iPhoneSimulator.ActiveCfg = Debug|iPhoneSimulator
		{5C897025-CB89-4FA2-B639-09549C95C9CC}.Debug|iPhoneSimulator.Build.0 = Debug|iPhoneSimulator
		{5C897025-CB89-4FA2-B639-09549C95C9CC}.Debug|x64.ActiveCfg = Debug|iPhone
		{5C897025-CB89-4FA2-B639-09549C95C9CC}.Debug|x86.ActiveCfg = Debug|iPhone
		{5C897025-CB89-4FA2-B639-09549C95C9CC}.Release|Any CPU.ActiveCfg = Release|iPhone
		{5C897025-CB89-4FA2-B639-09549C95C9CC}.Release|ARM.ActiveCfg = Release|iPhone
		{5C897025-CB89-4FA2-B639-09549C95C9CC}.Release|iPhone.ActiveCfg = Release|iPhone
		{5C897025-CB89-4FA2-B639-09549C95C9CC}.Release|iPhone.Build.0 = Release|iPhone
		{5C897025-CB89-4FA2-B639-09549C95C9CC}.Release|iPhoneSimulator.ActiveCfg = Release|iPhoneSimulator
		{5C897025-CB89-4FA2-B639-09549C95C9CC}.Release|iPhoneSimulator.Build.0 = Release|iPhoneSimulator
		{5C897025-CB89-4FA2-B639-09549C95C9CC}.Release|x64.ActiveCfg = Release|iPhone
		{5C897025-CB89-4FA2-B639-09549C95C9CC}.Release|x86.ActiveCfg = Release|iPhone
		{C7E983DF-DA02-4A0F-B250-7D55A6E2CF10}.Ad-Hoc|Any CPU.ActiveCfg = Release|Any CPU
		{C7E983DF-DA02-4A0F-B250-7D55A6E2CF10}.Ad-Hoc|Any CPU.Build.0 = Release|Any CPU
		{C7E983DF-DA02-4A0F-B250-7D55A6E2CF10}.Ad-Hoc|ARM.ActiveCfg = Release|Any CPU
		{C7E983DF-DA02-4A0F-B250-7D55A6E2CF10}.Ad-Hoc|ARM.Build.0 = Release|Any CPU
		{C7E983DF-DA02-4A0F-B250-7D55A6E2CF10}.Ad-Hoc|iPhone.ActiveCfg = Release|Any CPU
		{C7E983DF-DA02-4A0F-B250-7D55A6E2CF10}.Ad-Hoc|iPhone.Build.0 = Release|Any CPU
		{C7E983DF-DA02-4A0F-B250-7D55A6E2CF10}.Ad-Hoc|iPhoneSimulator.ActiveCfg = Release|Any CPU
		{C7E983DF-DA02-4A0F-B250-7D55A6E2CF10}.Ad-Hoc|iPhoneSimulator.Build.0 = Release|Any CPU
		{C7E983DF-DA02-4A0F-B250-7D55A6E2CF10}.Ad-Hoc|x64.ActiveCfg = Release|Any CPU
		{C7E983DF-DA02-4A0F-B250-7D55A6E2CF10}.Ad-Hoc|x64.Build.0 = Release|Any CPU
		{C7E983DF-DA02-4A0F-B250-7D55A6E2CF10}.Ad-Hoc|x86.ActiveCfg = Release|Any CPU
		{C7E983DF-DA02-4A0F-B250-7D55A6E2CF10}.Ad-Hoc|x86.Build.0 = Release|Any CPU
		{C7E983DF-DA02-4A0F-B250-7D55A6E2CF10}.AppStore|Any CPU.ActiveCfg = Release|Any CPU
		{C7E983DF-DA02-4A0F-B250-7D55A6E2CF10}.AppStore|Any CPU.Build.0 = Release|Any CPU
		{C7E983DF-DA02-4A0F-B250-7D55A6E2CF10}.AppStore|ARM.ActiveCfg = Release|Any CPU
		{C7E983DF-DA02-4A0F-B250-7D55A6E2CF10}.AppStore|ARM.Build.0 = Release|Any CPU
		{C7E983DF-DA02-4A0F-B250-7D55A6E2CF10}.AppStore|iPhone.ActiveCfg = Release|Any CPU
		{C7E983DF-DA02-4A0F-B250-7D55A6E2CF10}.AppStore|iPhone.Build.0 = Release|Any CPU
		{C7E983DF-DA02-4A0F-B250-7D55A6E2CF10}.AppStore|iPhoneSimulator.ActiveCfg = Release|Any CPU
		{C7E983DF-DA02-4A0F-B250-7D55A6E2CF10}.AppStore|iPhoneSimulator.Build.0 = Release|Any CPU
		{C7E983DF-DA02-4A0F-B250-7D55A6E2CF10}.AppStore|x64.ActiveCfg = Release|Any CPU
		{C7E983DF-DA02-4A0F-B250-7D55A6E2CF10}.AppStore|x64.Build.0 = Release|Any CPU
		{C7E983DF-DA02-4A0F-B250-7D55A6E2CF10}.AppStore|x86.ActiveCfg = Release|Any CPU
		{C7E983DF-DA02-4A0F-B250-7D55A6E2CF10}.AppStore|x86.Build.0 = Release|Any CPU
		{C7E983DF-DA02-4A0F-B250-7D55A6E2CF10}.Debug|Any CPU.ActiveCfg = Debug|Any CPU
		{C7E983DF-DA02-4A0F-B250-7D55A6E2CF10}.Debug|Any CPU.Build.0 = Debug|Any CPU
		{C7E983DF-DA02-4A0F-B250-7D55A6E2CF10}.Debug|ARM.ActiveCfg = Debug|Any CPU
		{C7E983DF-DA02-4A0F-B250-7D55A6E2CF10}.Debug|ARM.Build.0 = Debug|Any CPU
		{C7E983DF-DA02-4A0F-B250-7D55A6E2CF10}.Debug|iPhone.ActiveCfg = Debug|Any CPU
		{C7E983DF-DA02-4A0F-B250-7D55A6E2CF10}.Debug|iPhone.Build.0 = Debug|Any CPU
		{C7E983DF-DA02-4A0F-B250-7D55A6E2CF10}.Debug|iPhoneSimulator.ActiveCfg = Debug|Any CPU
		{C7E983DF-DA02-4A0F-B250-7D55A6E2CF10}.Debug|iPhoneSimulator.Build.0 = Debug|Any CPU
		{C7E983DF-DA02-4A0F-B250-7D55A6E2CF10}.Debug|x64.ActiveCfg = Debug|Any CPU
		{C7E983DF-DA02-4A0F-B250-7D55A6E2CF10}.Debug|x64.Build.0 = Debug|Any CPU
		{C7E983DF-DA02-4A0F-B250-7D55A6E2CF10}.Debug|x86.ActiveCfg = Debug|Any CPU
		{C7E983DF-DA02-4A0F-B250-7D55A6E2CF10}.Debug|x86.Build.0 = Debug|Any CPU
		{C7E983DF-DA02-4A0F-B250-7D55A6E2CF10}.Release|Any CPU.ActiveCfg = Release|Any CPU
		{C7E983DF-DA02-4A0F-B250-7D55A6E2CF10}.Release|Any CPU.Build.0 = Release|Any CPU
		{C7E983DF-DA02-4A0F-B250-7D55A6E2CF10}.Release|ARM.ActiveCfg = Release|Any CPU
		{C7E983DF-DA02-4A0F-B250-7D55A6E2CF10}.Release|ARM.Build.0 = Release|Any CPU
		{C7E983DF-DA02-4A0F-B250-7D55A6E2CF10}.Release|iPhone.ActiveCfg = Release|Any CPU
		{C7E983DF-DA02-4A0F-B250-7D55A6E2CF10}.Release|iPhone.Build.0 = Release|Any CPU
		{C7E983DF-DA02-4A0F-B250-7D55A6E2CF10}.Release|iPhoneSimulator.ActiveCfg = Release|Any CPU
		{C7E983DF-DA02-4A0F-B250-7D55A6E2CF10}.Release|iPhoneSimulator.Build.0 = Release|Any CPU
		{C7E983DF-DA02-4A0F-B250-7D55A6E2CF10}.Release|x64.ActiveCfg = Release|Any CPU
		{C7E983DF-DA02-4A0F-B250-7D55A6E2CF10}.Release|x64.Build.0 = Release|Any CPU
		{C7E983DF-DA02-4A0F-B250-7D55A6E2CF10}.Release|x86.ActiveCfg = Release|Any CPU
		{C7E983DF-DA02-4A0F-B250-7D55A6E2CF10}.Release|x86.Build.0 = Release|Any CPU
		{A0DB4CE2-87BB-47F5-BB48-D9DB51B0F754}.Ad-Hoc|Any CPU.ActiveCfg = Release|Any CPU
		{A0DB4CE2-87BB-47F5-BB48-D9DB51B0F754}.Ad-Hoc|Any CPU.Build.0 = Release|Any CPU
		{A0DB4CE2-87BB-47F5-BB48-D9DB51B0F754}.Ad-Hoc|Any CPU.Deploy.0 = Release|Any CPU
		{A0DB4CE2-87BB-47F5-BB48-D9DB51B0F754}.Ad-Hoc|ARM.ActiveCfg = Release|Any CPU
		{A0DB4CE2-87BB-47F5-BB48-D9DB51B0F754}.Ad-Hoc|ARM.Build.0 = Release|Any CPU
		{A0DB4CE2-87BB-47F5-BB48-D9DB51B0F754}.Ad-Hoc|ARM.Deploy.0 = Release|Any CPU
		{A0DB4CE2-87BB-47F5-BB48-D9DB51B0F754}.Ad-Hoc|iPhone.ActiveCfg = Release|Any CPU
		{A0DB4CE2-87BB-47F5-BB48-D9DB51B0F754}.Ad-Hoc|iPhone.Build.0 = Release|Any CPU
		{A0DB4CE2-87BB-47F5-BB48-D9DB51B0F754}.Ad-Hoc|iPhone.Deploy.0 = Release|Any CPU
		{A0DB4CE2-87BB-47F5-BB48-D9DB51B0F754}.Ad-Hoc|iPhoneSimulator.ActiveCfg = Release|Any CPU
		{A0DB4CE2-87BB-47F5-BB48-D9DB51B0F754}.Ad-Hoc|iPhoneSimulator.Build.0 = Release|Any CPU
		{A0DB4CE2-87BB-47F5-BB48-D9DB51B0F754}.Ad-Hoc|iPhoneSimulator.Deploy.0 = Release|Any CPU
		{A0DB4CE2-87BB-47F5-BB48-D9DB51B0F754}.Ad-Hoc|x64.ActiveCfg = Release|Any CPU
		{A0DB4CE2-87BB-47F5-BB48-D9DB51B0F754}.Ad-Hoc|x64.Build.0 = Release|Any CPU
		{A0DB4CE2-87BB-47F5-BB48-D9DB51B0F754}.Ad-Hoc|x64.Deploy.0 = Release|Any CPU
		{A0DB4CE2-87BB-47F5-BB48-D9DB51B0F754}.Ad-Hoc|x86.ActiveCfg = Release|Any CPU
		{A0DB4CE2-87BB-47F5-BB48-D9DB51B0F754}.Ad-Hoc|x86.Build.0 = Release|Any CPU
		{A0DB4CE2-87BB-47F5-BB48-D9DB51B0F754}.Ad-Hoc|x86.Deploy.0 = Release|Any CPU
		{A0DB4CE2-87BB-47F5-BB48-D9DB51B0F754}.AppStore|Any CPU.ActiveCfg = Release|Any CPU
		{A0DB4CE2-87BB-47F5-BB48-D9DB51B0F754}.AppStore|Any CPU.Build.0 = Release|Any CPU
		{A0DB4CE2-87BB-47F5-BB48-D9DB51B0F754}.AppStore|Any CPU.Deploy.0 = Release|Any CPU
		{A0DB4CE2-87BB-47F5-BB48-D9DB51B0F754}.AppStore|ARM.ActiveCfg = Release|Any CPU
		{A0DB4CE2-87BB-47F5-BB48-D9DB51B0F754}.AppStore|ARM.Build.0 = Release|Any CPU
		{A0DB4CE2-87BB-47F5-BB48-D9DB51B0F754}.AppStore|ARM.Deploy.0 = Release|Any CPU
		{A0DB4CE2-87BB-47F5-BB48-D9DB51B0F754}.AppStore|iPhone.ActiveCfg = Release|Any CPU
		{A0DB4CE2-87BB-47F5-BB48-D9DB51B0F754}.AppStore|iPhone.Build.0 = Release|Any CPU
		{A0DB4CE2-87BB-47F5-BB48-D9DB51B0F754}.AppStore|iPhone.Deploy.0 = Release|Any CPU
		{A0DB4CE2-87BB-47F5-BB48-D9DB51B0F754}.AppStore|iPhoneSimulator.ActiveCfg = Release|Any CPU
		{A0DB4CE2-87BB-47F5-BB48-D9DB51B0F754}.AppStore|iPhoneSimulator.Build.0 = Release|Any CPU
		{A0DB4CE2-87BB-47F5-BB48-D9DB51B0F754}.AppStore|iPhoneSimulator.Deploy.0 = Release|Any CPU
		{A0DB4CE2-87BB-47F5-BB48-D9DB51B0F754}.AppStore|x64.ActiveCfg = Release|Any CPU
		{A0DB4CE2-87BB-47F5-BB48-D9DB51B0F754}.AppStore|x64.Build.0 = Release|Any CPU
		{A0DB4CE2-87BB-47F5-BB48-D9DB51B0F754}.AppStore|x64.Deploy.0 = Release|Any CPU
		{A0DB4CE2-87BB-47F5-BB48-D9DB51B0F754}.AppStore|x86.ActiveCfg = Release|Any CPU
		{A0DB4CE2-87BB-47F5-BB48-D9DB51B0F754}.AppStore|x86.Build.0 = Release|Any CPU
		{A0DB4CE2-87BB-47F5-BB48-D9DB51B0F754}.AppStore|x86.Deploy.0 = Release|Any CPU
		{A0DB4CE2-87BB-47F5-BB48-D9DB51B0F754}.Debug|Any CPU.ActiveCfg = Debug|Any CPU
		{A0DB4CE2-87BB-47F5-BB48-D9DB51B0F754}.Debug|Any CPU.Build.0 = Debug|Any CPU
		{A0DB4CE2-87BB-47F5-BB48-D9DB51B0F754}.Debug|Any CPU.Deploy.0 = Debug|Any CPU
		{A0DB4CE2-87BB-47F5-BB48-D9DB51B0F754}.Debug|ARM.ActiveCfg = Debug|Any CPU
		{A0DB4CE2-87BB-47F5-BB48-D9DB51B0F754}.Debug|ARM.Build.0 = Debug|Any CPU
		{A0DB4CE2-87BB-47F5-BB48-D9DB51B0F754}.Debug|ARM.Deploy.0 = Debug|Any CPU
		{A0DB4CE2-87BB-47F5-BB48-D9DB51B0F754}.Debug|iPhone.ActiveCfg = Debug|Any CPU
		{A0DB4CE2-87BB-47F5-BB48-D9DB51B0F754}.Debug|iPhone.Build.0 = Debug|Any CPU
		{A0DB4CE2-87BB-47F5-BB48-D9DB51B0F754}.Debug|iPhone.Deploy.0 = Debug|Any CPU
		{A0DB4CE2-87BB-47F5-BB48-D9DB51B0F754}.Debug|iPhoneSimulator.ActiveCfg = Debug|Any CPU
		{A0DB4CE2-87BB-47F5-BB48-D9DB51B0F754}.Debug|iPhoneSimulator.Build.0 = Debug|Any CPU
		{A0DB4CE2-87BB-47F5-BB48-D9DB51B0F754}.Debug|iPhoneSimulator.Deploy.0 = Debug|Any CPU
		{A0DB4CE2-87BB-47F5-BB48-D9DB51B0F754}.Debug|x64.ActiveCfg = Debug|Any CPU
		{A0DB4CE2-87BB-47F5-BB48-D9DB51B0F754}.Debug|x64.Build.0 = Debug|Any CPU
		{A0DB4CE2-87BB-47F5-BB48-D9DB51B0F754}.Debug|x64.Deploy.0 = Debug|Any CPU
		{A0DB4CE2-87BB-47F5-BB48-D9DB51B0F754}.Debug|x86.ActiveCfg = Debug|Any CPU
		{A0DB4CE2-87BB-47F5-BB48-D9DB51B0F754}.Debug|x86.Build.0 = Debug|Any CPU
		{A0DB4CE2-87BB-47F5-BB48-D9DB51B0F754}.Debug|x86.Deploy.0 = Debug|Any CPU
		{A0DB4CE2-87BB-47F5-BB48-D9DB51B0F754}.Release|Any CPU.ActiveCfg = Release|Any CPU
		{A0DB4CE2-87BB-47F5-BB48-D9DB51B0F754}.Release|Any CPU.Build.0 = Release|Any CPU
		{A0DB4CE2-87BB-47F5-BB48-D9DB51B0F754}.Release|Any CPU.Deploy.0 = Release|Any CPU
		{A0DB4CE2-87BB-47F5-BB48-D9DB51B0F754}.Release|ARM.ActiveCfg = Release|Any CPU
		{A0DB4CE2-87BB-47F5-BB48-D9DB51B0F754}.Release|ARM.Build.0 = Release|Any CPU
		{A0DB4CE2-87BB-47F5-BB48-D9DB51B0F754}.Release|ARM.Deploy.0 = Release|Any CPU
		{A0DB4CE2-87BB-47F5-BB48-D9DB51B0F754}.Release|iPhone.ActiveCfg = Release|Any CPU
		{A0DB4CE2-87BB-47F5-BB48-D9DB51B0F754}.Release|iPhone.Build.0 = Release|Any CPU
		{A0DB4CE2-87BB-47F5-BB48-D9DB51B0F754}.Release|iPhone.Deploy.0 = Release|Any CPU
		{A0DB4CE2-87BB-47F5-BB48-D9DB51B0F754}.Release|iPhoneSimulator.ActiveCfg = Release|Any CPU
		{A0DB4CE2-87BB-47F5-BB48-D9DB51B0F754}.Release|iPhoneSimulator.Build.0 = Release|Any CPU
		{A0DB4CE2-87BB-47F5-BB48-D9DB51B0F754}.Release|iPhoneSimulator.Deploy.0 = Release|Any CPU
		{A0DB4CE2-87BB-47F5-BB48-D9DB51B0F754}.Release|x64.ActiveCfg = Release|Any CPU
		{A0DB4CE2-87BB-47F5-BB48-D9DB51B0F754}.Release|x64.Build.0 = Release|Any CPU
		{A0DB4CE2-87BB-47F5-BB48-D9DB51B0F754}.Release|x64.Deploy.0 = Release|Any CPU
		{A0DB4CE2-87BB-47F5-BB48-D9DB51B0F754}.Release|x86.ActiveCfg = Release|Any CPU
		{A0DB4CE2-87BB-47F5-BB48-D9DB51B0F754}.Release|x86.Build.0 = Release|Any CPU
		{A0DB4CE2-87BB-47F5-BB48-D9DB51B0F754}.Release|x86.Deploy.0 = Release|Any CPU
		{A0611680-6D4F-425A-AB07-49A881C5BF70}.Ad-Hoc|Any CPU.ActiveCfg = Release|Any CPU
		{A0611680-6D4F-425A-AB07-49A881C5BF70}.Ad-Hoc|Any CPU.Build.0 = Release|Any CPU
		{A0611680-6D4F-425A-AB07-49A881C5BF70}.Ad-Hoc|ARM.ActiveCfg = Release|Any CPU
		{A0611680-6D4F-425A-AB07-49A881C5BF70}.Ad-Hoc|ARM.Build.0 = Release|Any CPU
		{A0611680-6D4F-425A-AB07-49A881C5BF70}.Ad-Hoc|iPhone.ActiveCfg = Release|Any CPU
		{A0611680-6D4F-425A-AB07-49A881C5BF70}.Ad-Hoc|iPhone.Build.0 = Release|Any CPU
		{A0611680-6D4F-425A-AB07-49A881C5BF70}.Ad-Hoc|iPhoneSimulator.ActiveCfg = Release|Any CPU
		{A0611680-6D4F-425A-AB07-49A881C5BF70}.Ad-Hoc|iPhoneSimulator.Build.0 = Release|Any CPU
		{A0611680-6D4F-425A-AB07-49A881C5BF70}.Ad-Hoc|x64.ActiveCfg = Release|Any CPU
		{A0611680-6D4F-425A-AB07-49A881C5BF70}.Ad-Hoc|x64.Build.0 = Release|Any CPU
		{A0611680-6D4F-425A-AB07-49A881C5BF70}.Ad-Hoc|x86.ActiveCfg = Release|Any CPU
		{A0611680-6D4F-425A-AB07-49A881C5BF70}.Ad-Hoc|x86.Build.0 = Release|Any CPU
		{A0611680-6D4F-425A-AB07-49A881C5BF70}.AppStore|Any CPU.ActiveCfg = Release|Any CPU
		{A0611680-6D4F-425A-AB07-49A881C5BF70}.AppStore|Any CPU.Build.0 = Release|Any CPU
		{A0611680-6D4F-425A-AB07-49A881C5BF70}.AppStore|ARM.ActiveCfg = Release|Any CPU
		{A0611680-6D4F-425A-AB07-49A881C5BF70}.AppStore|ARM.Build.0 = Release|Any CPU
		{A0611680-6D4F-425A-AB07-49A881C5BF70}.AppStore|iPhone.ActiveCfg = Release|Any CPU
		{A0611680-6D4F-425A-AB07-49A881C5BF70}.AppStore|iPhone.Build.0 = Release|Any CPU
		{A0611680-6D4F-425A-AB07-49A881C5BF70}.AppStore|iPhoneSimulator.ActiveCfg = Release|Any CPU
		{A0611680-6D4F-425A-AB07-49A881C5BF70}.AppStore|iPhoneSimulator.Build.0 = Release|Any CPU
		{A0611680-6D4F-425A-AB07-49A881C5BF70}.AppStore|x64.ActiveCfg = Release|Any CPU
		{A0611680-6D4F-425A-AB07-49A881C5BF70}.AppStore|x64.Build.0 = Release|Any CPU
		{A0611680-6D4F-425A-AB07-49A881C5BF70}.AppStore|x86.ActiveCfg = Release|Any CPU
		{A0611680-6D4F-425A-AB07-49A881C5BF70}.AppStore|x86.Build.0 = Release|Any CPU
		{A0611680-6D4F-425A-AB07-49A881C5BF70}.Debug|Any CPU.ActiveCfg = Debug|Any CPU
		{A0611680-6D4F-425A-AB07-49A881C5BF70}.Debug|Any CPU.Build.0 = Debug|Any CPU
		{A0611680-6D4F-425A-AB07-49A881C5BF70}.Debug|ARM.ActiveCfg = Debug|Any CPU
		{A0611680-6D4F-425A-AB07-49A881C5BF70}.Debug|ARM.Build.0 = Debug|Any CPU
		{A0611680-6D4F-425A-AB07-49A881C5BF70}.Debug|iPhone.ActiveCfg = Debug|Any CPU
		{A0611680-6D4F-425A-AB07-49A881C5BF70}.Debug|iPhone.Build.0 = Debug|Any CPU
		{A0611680-6D4F-425A-AB07-49A881C5BF70}.Debug|iPhoneSimulator.ActiveCfg = Debug|Any CPU
		{A0611680-6D4F-425A-AB07-49A881C5BF70}.Debug|iPhoneSimulator.Build.0 = Debug|Any CPU
		{A0611680-6D4F-425A-AB07-49A881C5BF70}.Debug|x64.ActiveCfg = Debug|Any CPU
		{A0611680-6D4F-425A-AB07-49A881C5BF70}.Debug|x64.Build.0 = Debug|Any CPU
		{A0611680-6D4F-425A-AB07-49A881C5BF70}.Debug|x86.ActiveCfg = Debug|Any CPU
		{A0611680-6D4F-425A-AB07-49A881C5BF70}.Debug|x86.Build.0 = Debug|Any CPU
		{A0611680-6D4F-425A-AB07-49A881C5BF70}.Release|Any CPU.ActiveCfg = Release|Any CPU
		{A0611680-6D4F-425A-AB07-49A881C5BF70}.Release|Any CPU.Build.0 = Release|Any CPU
		{A0611680-6D4F-425A-AB07-49A881C5BF70}.Release|ARM.ActiveCfg = Release|Any CPU
		{A0611680-6D4F-425A-AB07-49A881C5BF70}.Release|ARM.Build.0 = Release|Any CPU
		{A0611680-6D4F-425A-AB07-49A881C5BF70}.Release|iPhone.ActiveCfg = Release|Any CPU
		{A0611680-6D4F-425A-AB07-49A881C5BF70}.Release|iPhone.Build.0 = Release|Any CPU
		{A0611680-6D4F-425A-AB07-49A881C5BF70}.Release|iPhoneSimulator.ActiveCfg = Release|Any CPU
		{A0611680-6D4F-425A-AB07-49A881C5BF70}.Release|iPhoneSimulator.Build.0 = Release|Any CPU
		{A0611680-6D4F-425A-AB07-49A881C5BF70}.Release|x64.ActiveCfg = Release|Any CPU
		{A0611680-6D4F-425A-AB07-49A881C5BF70}.Release|x64.Build.0 = Release|Any CPU
		{A0611680-6D4F-425A-AB07-49A881C5BF70}.Release|x86.ActiveCfg = Release|Any CPU
		{A0611680-6D4F-425A-AB07-49A881C5BF70}.Release|x86.Build.0 = Release|Any CPU
		{E1AA89F5-0635-483C-AC89-465F418EC580}.Ad-Hoc|Any CPU.ActiveCfg = Release|x86
		{E1AA89F5-0635-483C-AC89-465F418EC580}.Ad-Hoc|Any CPU.Build.0 = Release|x86
		{E1AA89F5-0635-483C-AC89-465F418EC580}.Ad-Hoc|Any CPU.Deploy.0 = Release|x86
		{E1AA89F5-0635-483C-AC89-465F418EC580}.Ad-Hoc|ARM.ActiveCfg = Release|ARM
		{E1AA89F5-0635-483C-AC89-465F418EC580}.Ad-Hoc|ARM.Build.0 = Release|ARM
		{E1AA89F5-0635-483C-AC89-465F418EC580}.Ad-Hoc|ARM.Deploy.0 = Release|ARM
		{E1AA89F5-0635-483C-AC89-465F418EC580}.Ad-Hoc|iPhone.ActiveCfg = Release|x86
		{E1AA89F5-0635-483C-AC89-465F418EC580}.Ad-Hoc|iPhone.Build.0 = Release|x86
		{E1AA89F5-0635-483C-AC89-465F418EC580}.Ad-Hoc|iPhone.Deploy.0 = Release|x86
		{E1AA89F5-0635-483C-AC89-465F418EC580}.Ad-Hoc|iPhoneSimulator.ActiveCfg = Release|x86
		{E1AA89F5-0635-483C-AC89-465F418EC580}.Ad-Hoc|iPhoneSimulator.Build.0 = Release|x86
		{E1AA89F5-0635-483C-AC89-465F418EC580}.Ad-Hoc|iPhoneSimulator.Deploy.0 = Release|x86
		{E1AA89F5-0635-483C-AC89-465F418EC580}.Ad-Hoc|x64.ActiveCfg = Release|x64
		{E1AA89F5-0635-483C-AC89-465F418EC580}.Ad-Hoc|x64.Build.0 = Release|x64
		{E1AA89F5-0635-483C-AC89-465F418EC580}.Ad-Hoc|x64.Deploy.0 = Release|x64
		{E1AA89F5-0635-483C-AC89-465F418EC580}.Ad-Hoc|x86.ActiveCfg = Release|x86
		{E1AA89F5-0635-483C-AC89-465F418EC580}.Ad-Hoc|x86.Build.0 = Release|x86
		{E1AA89F5-0635-483C-AC89-465F418EC580}.Ad-Hoc|x86.Deploy.0 = Release|x86
		{E1AA89F5-0635-483C-AC89-465F418EC580}.AppStore|Any CPU.ActiveCfg = Release|x86
		{E1AA89F5-0635-483C-AC89-465F418EC580}.AppStore|Any CPU.Build.0 = Release|x86
		{E1AA89F5-0635-483C-AC89-465F418EC580}.AppStore|Any CPU.Deploy.0 = Release|x86
		{E1AA89F5-0635-483C-AC89-465F418EC580}.AppStore|ARM.ActiveCfg = Release|ARM
		{E1AA89F5-0635-483C-AC89-465F418EC580}.AppStore|ARM.Build.0 = Release|ARM
		{E1AA89F5-0635-483C-AC89-465F418EC580}.AppStore|ARM.Deploy.0 = Release|ARM
		{E1AA89F5-0635-483C-AC89-465F418EC580}.AppStore|iPhone.ActiveCfg = Release|x86
		{E1AA89F5-0635-483C-AC89-465F418EC580}.AppStore|iPhone.Build.0 = Release|x86
		{E1AA89F5-0635-483C-AC89-465F418EC580}.AppStore|iPhone.Deploy.0 = Release|x86
		{E1AA89F5-0635-483C-AC89-465F418EC580}.AppStore|iPhoneSimulator.ActiveCfg = Release|x86
		{E1AA89F5-0635-483C-AC89-465F418EC580}.AppStore|iPhoneSimulator.Build.0 = Release|x86
		{E1AA89F5-0635-483C-AC89-465F418EC580}.AppStore|iPhoneSimulator.Deploy.0 = Release|x86
		{E1AA89F5-0635-483C-AC89-465F418EC580}.AppStore|x64.ActiveCfg = Release|x64
		{E1AA89F5-0635-483C-AC89-465F418EC580}.AppStore|x64.Build.0 = Release|x64
		{E1AA89F5-0635-483C-AC89-465F418EC580}.AppStore|x64.Deploy.0 = Release|x64
		{E1AA89F5-0635-483C-AC89-465F418EC580}.AppStore|x86.ActiveCfg = Release|x86
		{E1AA89F5-0635-483C-AC89-465F418EC580}.AppStore|x86.Build.0 = Release|x86
		{E1AA89F5-0635-483C-AC89-465F418EC580}.AppStore|x86.Deploy.0 = Release|x86
		{E1AA89F5-0635-483C-AC89-465F418EC580}.Debug|Any CPU.ActiveCfg = Debug|x86
		{E1AA89F5-0635-483C-AC89-465F418EC580}.Debug|ARM.ActiveCfg = Debug|ARM
		{E1AA89F5-0635-483C-AC89-465F418EC580}.Debug|ARM.Build.0 = Debug|ARM
		{E1AA89F5-0635-483C-AC89-465F418EC580}.Debug|ARM.Deploy.0 = Debug|ARM
		{E1AA89F5-0635-483C-AC89-465F418EC580}.Debug|iPhone.ActiveCfg = Debug|x86
		{E1AA89F5-0635-483C-AC89-465F418EC580}.Debug|iPhoneSimulator.ActiveCfg = Debug|x86
		{E1AA89F5-0635-483C-AC89-465F418EC580}.Debug|x64.ActiveCfg = Debug|x64
		{E1AA89F5-0635-483C-AC89-465F418EC580}.Debug|x64.Build.0 = Debug|x64
		{E1AA89F5-0635-483C-AC89-465F418EC580}.Debug|x64.Deploy.0 = Debug|x64
		{E1AA89F5-0635-483C-AC89-465F418EC580}.Debug|x86.ActiveCfg = Debug|x86
		{E1AA89F5-0635-483C-AC89-465F418EC580}.Debug|x86.Build.0 = Debug|x86
		{E1AA89F5-0635-483C-AC89-465F418EC580}.Debug|x86.Deploy.0 = Debug|x86
		{E1AA89F5-0635-483C-AC89-465F418EC580}.Release|Any CPU.ActiveCfg = Release|x86
		{E1AA89F5-0635-483C-AC89-465F418EC580}.Release|ARM.ActiveCfg = Release|ARM
		{E1AA89F5-0635-483C-AC89-465F418EC580}.Release|ARM.Build.0 = Release|ARM
		{E1AA89F5-0635-483C-AC89-465F418EC580}.Release|ARM.Deploy.0 = Release|ARM
		{E1AA89F5-0635-483C-AC89-465F418EC580}.Release|iPhone.ActiveCfg = Release|x86
		{E1AA89F5-0635-483C-AC89-465F418EC580}.Release|iPhoneSimulator.ActiveCfg = Release|x86
		{E1AA89F5-0635-483C-AC89-465F418EC580}.Release|x64.ActiveCfg = Release|x64
		{E1AA89F5-0635-483C-AC89-465F418EC580}.Release|x64.Build.0 = Release|x64
		{E1AA89F5-0635-483C-AC89-465F418EC580}.Release|x64.Deploy.0 = Release|x64
		{E1AA89F5-0635-483C-AC89-465F418EC580}.Release|x86.ActiveCfg = Release|x86
		{E1AA89F5-0635-483C-AC89-465F418EC580}.Release|x86.Build.0 = Release|x86
		{E1AA89F5-0635-483C-AC89-465F418EC580}.Release|x86.Deploy.0 = Release|x86
		{40D9BDD1-EC55-41BA-8B11-966A5845D313}.Ad-Hoc|Any CPU.ActiveCfg = Ad-Hoc|iPhone
		{40D9BDD1-EC55-41BA-8B11-966A5845D313}.Ad-Hoc|ARM.ActiveCfg = Ad-Hoc|iPhone
		{40D9BDD1-EC55-41BA-8B11-966A5845D313}.Ad-Hoc|iPhone.ActiveCfg = Ad-Hoc|iPhone
		{40D9BDD1-EC55-41BA-8B11-966A5845D313}.Ad-Hoc|iPhone.Build.0 = Ad-Hoc|iPhone
		{40D9BDD1-EC55-41BA-8B11-966A5845D313}.Ad-Hoc|iPhoneSimulator.ActiveCfg = Ad-Hoc|iPhoneSimulator
		{40D9BDD1-EC55-41BA-8B11-966A5845D313}.Ad-Hoc|iPhoneSimulator.Build.0 = Ad-Hoc|iPhoneSimulator
		{40D9BDD1-EC55-41BA-8B11-966A5845D313}.Ad-Hoc|x64.ActiveCfg = Ad-Hoc|iPhone
		{40D9BDD1-EC55-41BA-8B11-966A5845D313}.Ad-Hoc|x86.ActiveCfg = Ad-Hoc|iPhone
		{40D9BDD1-EC55-41BA-8B11-966A5845D313}.AppStore|Any CPU.ActiveCfg = AppStore|iPhone
		{40D9BDD1-EC55-41BA-8B11-966A5845D313}.AppStore|ARM.ActiveCfg = AppStore|iPhone
		{40D9BDD1-EC55-41BA-8B11-966A5845D313}.AppStore|iPhone.ActiveCfg = AppStore|iPhone
		{40D9BDD1-EC55-41BA-8B11-966A5845D313}.AppStore|iPhone.Build.0 = AppStore|iPhone
		{40D9BDD1-EC55-41BA-8B11-966A5845D313}.AppStore|iPhoneSimulator.ActiveCfg = AppStore|iPhoneSimulator
		{40D9BDD1-EC55-41BA-8B11-966A5845D313}.AppStore|iPhoneSimulator.Build.0 = AppStore|iPhoneSimulator
		{40D9BDD1-EC55-41BA-8B11-966A5845D313}.AppStore|x64.ActiveCfg = AppStore|iPhone
		{40D9BDD1-EC55-41BA-8B11-966A5845D313}.AppStore|x86.ActiveCfg = AppStore|iPhone
		{40D9BDD1-EC55-41BA-8B11-966A5845D313}.Debug|Any CPU.ActiveCfg = Debug|iPhone
		{40D9BDD1-EC55-41BA-8B11-966A5845D313}.Debug|ARM.ActiveCfg = Debug|iPhone
		{40D9BDD1-EC55-41BA-8B11-966A5845D313}.Debug|iPhone.ActiveCfg = Debug|iPhone
		{40D9BDD1-EC55-41BA-8B11-966A5845D313}.Debug|iPhone.Build.0 = Debug|iPhone
		{40D9BDD1-EC55-41BA-8B11-966A5845D313}.Debug|iPhoneSimulator.ActiveCfg = Debug|iPhoneSimulator
		{40D9BDD1-EC55-41BA-8B11-966A5845D313}.Debug|iPhoneSimulator.Build.0 = Debug|iPhoneSimulator
		{40D9BDD1-EC55-41BA-8B11-966A5845D313}.Debug|x64.ActiveCfg = Debug|iPhone
		{40D9BDD1-EC55-41BA-8B11-966A5845D313}.Debug|x86.ActiveCfg = Debug|iPhone
		{40D9BDD1-EC55-41BA-8B11-966A5845D313}.Release|Any CPU.ActiveCfg = Release|iPhone
		{40D9BDD1-EC55-41BA-8B11-966A5845D313}.Release|ARM.ActiveCfg = Release|iPhone
		{40D9BDD1-EC55-41BA-8B11-966A5845D313}.Release|iPhone.ActiveCfg = Release|iPhone
		{40D9BDD1-EC55-41BA-8B11-966A5845D313}.Release|iPhone.Build.0 = Release|iPhone
		{40D9BDD1-EC55-41BA-8B11-966A5845D313}.Release|iPhoneSimulator.ActiveCfg = Release|iPhoneSimulator
		{40D9BDD1-EC55-41BA-8B11-966A5845D313}.Release|iPhoneSimulator.Build.0 = Release|iPhoneSimulator
		{40D9BDD1-EC55-41BA-8B11-966A5845D313}.Release|x64.ActiveCfg = Release|iPhone
		{40D9BDD1-EC55-41BA-8B11-966A5845D313}.Release|x86.ActiveCfg = Release|iPhone
	EndGlobalSection
	GlobalSection(SolutionProperties) = preSolution
		HideSolutionNode = FALSE
	EndGlobalSection
	GlobalSection(NestedProjects) = preSolution
		{ED17D7A8-FE98-447D-A206-BA7E2B778048} = {9866B8C1-6E99-4961-B4D4-50EA04905F56}
		{5E9CABB5-5F93-499B-8119-8D7CFA4B0781} = {9866B8C1-6E99-4961-B4D4-50EA04905F56}
		{52422722-D2B7-4187-A569-3FA7287A71E6} = {9866B8C1-6E99-4961-B4D4-50EA04905F56}
		{B62B2798-AC0A-43E5-A3E9-F24FDEB115CE} = {6295F23C-292E-4620-84F9-F096D897C96F}
		{6A8E2A1B-0B03-4C39-8392-75A2E873F95F} = {6295F23C-292E-4620-84F9-F096D897C96F}
		{02BF8721-81E0-4D69-9F9B-0A491065F833} = {6295F23C-292E-4620-84F9-F096D897C96F}
		{5C897025-CB89-4FA2-B639-09549C95C9CC} = {6295F23C-292E-4620-84F9-F096D897C96F}
		{C7E983DF-DA02-4A0F-B250-7D55A6E2CF10} = {2A0B907F-FE9A-44ED-8644-E4E302A90E00}
		{A0DB4CE2-87BB-47F5-BB48-D9DB51B0F754} = {E6ABB752-720C-45D4-BE5C-997B0BBC09B2}
		{A0611680-6D4F-425A-AB07-49A881C5BF70} = {E6ABB752-720C-45D4-BE5C-997B0BBC09B2}
		{E1AA89F5-0635-483C-AC89-465F418EC580} = {E6ABB752-720C-45D4-BE5C-997B0BBC09B2}
		{40D9BDD1-EC55-41BA-8B11-966A5845D313} = {E6ABB752-720C-45D4-BE5C-997B0BBC09B2}
	EndGlobalSection
	GlobalSection(ExtensibilityGlobals) = postSolution
		SolutionGuid = {AB3185F6-4FA0-481D-A027-0461A7D053B9}
	EndGlobalSection
EndGlobal
